
Microsoft Visual Studio Solution File, Format Version 12.00
# Visual Studio Version 16
VisualStudioVersion = 16.0.30608.117
MinimumVisualStudioVersion = 10.0.40219.1
Project("{9A19103F-16F7-4668-BE54-9A1E7A4F7556}") = "FluentOptionsValidator", "FluentOptionsValidator\FluentOptionsValidator.csproj", "{DD3EE600-1F2E-4915-83E8-97F279730473}"
EndProject
Project("{FAE04EC0-301F-11D3-BF4B-00C04F79EFBC}") = "FluentOptionsValidator.UnitTests", "FluentOptionsValidator.UnitTests\FluentOptionsValidator.UnitTests.csproj", "{4F01E7E3-1A44-49D2-81B7-22EFBAC8721A}"
EndProject
Global
	GlobalSection(SolutionConfigurationPlatforms) = preSolution
		Debug|Any CPU = Debug|Any CPU
		Release|Any CPU = Release|Any CPU
	EndGlobalSection
	GlobalSection(ProjectConfigurationPlatforms) = postSolution
		{DD3EE600-1F2E-4915-83E8-97F279730473}.Debug|Any CPU.ActiveCfg = Debug|Any CPU
		{DD3EE600-1F2E-4915-83E8-97F279730473}.Debug|Any CPU.Build.0 = Debug|Any CPU
		{DD3EE600-1F2E-4915-83E8-97F279730473}.Release|Any CPU.ActiveCfg = Release|Any CPU
		{DD3EE600-1F2E-4915-83E8-97F279730473}.Release|Any CPU.Build.0 = Release|Any CPU
		{4F01E7E3-1A44-49D2-81B7-22EFBAC8721A}.Debug|Any CPU.ActiveCfg = Debug|Any CPU
		{4F01E7E3-1A44-49D2-81B7-22EFBAC8721A}.Debug|Any CPU.Build.0 = Debug|Any CPU
		{4F01E7E3-1A44-49D2-81B7-22EFBAC8721A}.Release|Any CPU.ActiveCfg = Release|Any CPU
		{4F01E7E3-1A44-49D2-81B7-22EFBAC8721A}.Release|Any CPU.Build.0 = Release|Any CPU
	EndGlobalSection
	GlobalSection(SolutionProperties) = preSolution
		HideSolutionNode = FALSE
	EndGlobalSection
	GlobalSection(ExtensibilityGlobals) = postSolution
		SolutionGuid = {0A2A89A0-5BFD-418C-9676-916822A77424}
	EndGlobalSection
EndGlobal
